
Microsoft Visual Studio Solution File, Format Version 12.00
# Visual Studio Version 16
VisualStudioVersion = 16.0.29613.14
MinimumVisualStudioVersion = 10.0.40219.1
Project("{9A19103F-16F7-4668-BE54-9A1E7A4F7556}") = "OrchardKnowHow", "OrchardKnowHow\OrchardKnowHow.csproj", "{A90B6952-CE38-43FF-B94D-E26D0388C604}"
EndProject
Project("{2150E333-8FDC-42A3-9474-1A3956D46DE8}") = "Solution Items", "Solution Items", "{BC762CCD-C4C5-4A0C-BFE9-C08CC06AB57D}"
	ProjectSection(SolutionItems) = preProject
		.gitignore = .gitignore
		ArmTemplates\linux-webapp-template.json = ArmTemplates\linux-webapp-template.json
		NuGet.config = NuGet.config
	EndProjectSection
EndProject
Global
	GlobalSection(SolutionConfigurationPlatforms) = preSolution
		Debug|Any CPU = Debug|Any CPU
		Release|Any CPU = Release|Any CPU
	EndGlobalSection
	GlobalSection(ProjectConfigurationPlatforms) = postSolution
		{A90B6952-CE38-43FF-B94D-E26D0388C604}.Debug|Any CPU.ActiveCfg = Debug|Any CPU
		{A90B6952-CE38-43FF-B94D-E26D0388C604}.Debug|Any CPU.Build.0 = Debug|Any CPU
		{A90B6952-CE38-43FF-B94D-E26D0388C604}.Release|Any CPU.ActiveCfg = Release|Any CPU
		{A90B6952-CE38-43FF-B94D-E26D0388C604}.Release|Any CPU.Build.0 = Release|Any CPU
	EndGlobalSection
	GlobalSection(SolutionProperties) = preSolution
		HideSolutionNode = FALSE
	EndGlobalSection
	GlobalSection(ExtensibilityGlobals) = postSolution
		SolutionGuid = {2B7F876E-65D5-4FAF-92EF-1259F6C31186}
	EndGlobalSection
EndGlobal
